lockfileVersion: '6.0'

settings:
  autoInstallPeers: true
  excludeLinksFromLockfile: false

importers:

  .: {}

  crates/node_binding:
    devDependencies:
      '@napi-rs/cli':
        specifier: ^2.18.4
        version: 2.18.4
      '@types/node':
        specifier: 22.7.5
        version: 22.7.5
      typescript:
        specifier: 5.6.2
        version: 5.6.2
      why-is-node-running:
        specifier: 3.2.2
        version: 3.2.2

  packages/unpack:
    devDependencies:
      '@unpack-js/binding':
        specifier: workspace:*
        version: link:../../crates/node_binding

packages:

  /@napi-rs/cli@2.18.4:
    resolution: {integrity: sha512-SgJeA4df9DE2iAEpr3M2H0OKl/yjtg1BnRI5/JyowS71tUWhrfSu2LT0V3vlHET+g1hBVlrO60PmEXwUEKp8Mg==}
    engines: {node: '>= 10'}
    hasBin: true
    dev: true

  /@types/node@22.7.5:
    resolution: {integrity: sha512-jML7s2NAzMWc//QSJ1a3prpk78cOPchGvXJsC3C6R6PSMoooztvRVQEz89gmBTBY1SPMaqo5teB4uNHPdetShQ==}
    dependencies:
      undici-types: 6.19.8
    dev: true

  /typescript@5.6.2:
    resolution: {integrity: sha512-NW8ByodCSNCwZeghjN3o+JX5OFH0Ojg6sadjEKY4huZ52TqbJTJnDo5+Tw98lSy63NZvi4n+ez5m2u5d4PkZyw==}
    engines: {node: '>=14.17'}
    hasBin: true
    dev: true

  /undici-types@6.19.8:
    resolution: {integrity: sha512-ve2KP6f/JnbPBFyobGHuerC9g1FYGn/F8n1LWTwNxCEzd6IfqTwUQcNXgEtmmQ6DlRrC1hrSrBnCZPokRrDHjw==}
    dev: true

  /why-is-node-running@3.2.2:
    resolution: {integrity: sha512-NKUzAelcoCXhXL4dJzKIwXeR8iEVqsA0Lq6Vnd0UXvgaKbzVo4ZTHROF2Jidrv+SgxOQ03fMinnNhzZATxOD3A==}
    engines: {node: '>=20.11'}
    hasBin: true
    dev: true
